
Microsoft Visual Studio Solution File, Format Version 12.00
# Visual Studio 15
VisualStudioVersion = 15.0.26730.15
MinimumVisualStudioVersion = 10.0.40219.1
Project("{FAE04EC0-301F-11D3-BF4B-00C04F79EFBC}") = "ToDoList_SponServe_Web", "ToDoList_SponServe_Web\ToDoList_SponServe_Web.csproj", "{E79B0FFE-F0F0-4AC6-8203-133127902940}"
EndProject
Project("{FAE04EC0-301F-11D3-BF4B-00C04F79EFBC}") = "ToDoList_SponServe_DAL", "ToDoList_SponServe_DAL\ToDoList_SponServe_DAL.csproj", "{3F5D7DDA-3EE9-44D1-852F-279A5F11C360}"
EndProject
Project("{FAE04EC0-301F-11D3-BF4B-00C04F79EFBC}") = "ToDoList_SponServe_Data", "ToDoList_SponServe_Data\ToDoList_SponServe_Data.csproj", "{4A4CF644-115C-4A42-BC09-F10396788904}"
EndProject
Project("{FAE04EC0-301F-11D3-BF4B-00C04F79EFBC}") = "ToDoList_SponServe_Service", "ToDoList_SponServe_Service\ToDoList_SponServe_Service.csproj", "{C4DA253A-E2A0-4E7E-89A5-8567260A8CB9}"
EndProject
Global
	GlobalSection(SolutionConfigurationPlatforms) = preSolution
		Debug|Any CPU = Debug|Any CPU
		Release|Any CPU = Release|Any CPU
	EndGlobalSection
	GlobalSection(ProjectConfigurationPlatforms) = postSolution
		{E79B0FFE-F0F0-4AC6-8203-133127902940}.Debug|Any CPU.ActiveCfg = Debug|Any CPU
		{E79B0FFE-F0F0-4AC6-8203-133127902940}.Debug|Any CPU.Build.0 = Debug|Any CPU
		{E79B0FFE-F0F0-4AC6-8203-133127902940}.Release|Any CPU.ActiveCfg = Release|Any CPU
		{E79B0FFE-F0F0-4AC6-8203-133127902940}.Release|Any CPU.Build.0 = Release|Any CPU
		{3F5D7DDA-3EE9-44D1-852F-279A5F11C360}.Debug|Any CPU.ActiveCfg = Debug|Any CPU
		{3F5D7DDA-3EE9-44D1-852F-279A5F11C360}.Debug|Any CPU.Build.0 = Debug|Any CPU
		{3F5D7DDA-3EE9-44D1-852F-279A5F11C360}.Release|Any CPU.ActiveCfg = Release|Any CPU
		{3F5D7DDA-3EE9-44D1-852F-279A5F11C360}.Release|Any CPU.Build.0 = Release|Any CPU
		{4A4CF644-115C-4A42-BC09-F10396788904}.Debug|Any CPU.ActiveCfg = Debug|Any CPU
		{4A4CF644-115C-4A42-BC09-F10396788904}.Debug|Any CPU.Build.0 = Debug|Any CPU
		{4A4CF644-115C-4A42-BC09-F10396788904}.Release|Any CPU.ActiveCfg = Release|Any CPU
		{4A4CF644-115C-4A42-BC09-F10396788904}.Release|Any CPU.Build.0 = Release|Any CPU
		{C4DA253A-E2A0-4E7E-89A5-8567260A8CB9}.Debug|Any CPU.ActiveCfg = Debug|Any CPU
		{C4DA253A-E2A0-4E7E-89A5-8567260A8CB9}.Debug|Any CPU.Build.0 = Debug|Any CPU
		{C4DA253A-E2A0-4E7E-89A5-8567260A8CB9}.Release|Any CPU.ActiveCfg = Release|Any CPU
		{C4DA253A-E2A0-4E7E-89A5-8567260A8CB9}.Release|Any CPU.Build.0 = Release|Any CPU
	EndGlobalSection
	GlobalSection(SolutionProperties) = preSolution
		HideSolutionNode = FALSE
	EndGlobalSection
	GlobalSection(ExtensibilityGlobals) = postSolution
		SolutionGuid = {5386D4F3-6C34-4F6F-A1B2-EC9975E55746}
	EndGlobalSection
EndGlobal
